
Microsoft Visual Studio Solution File, Format Version 12.00
# Visual Studio Version 17
VisualStudioVersion = 17.0.31903.59
MinimumVisualStudioVersion = 10.0.40219.1
Project("{FAE04EC0-301F-11D3-BF4B-00C04F79EFBC}") = "PingMonitor.Api", "PingMonitor.Api\PingMonitor.Api.csproj", "{1581783B-E59A-4CBE-86C7-D39A6C628A16}"
EndProject
Project("{FAE04EC0-301F-11D3-BF4B-00C04F79EFBC}") = "PingMonitor.Core", "PingMonitor.Core\PingMonitor.Core.csproj", "{8ADAFE05-C45F-421E-AAFB-117ED55D45CD}"
EndProject
Project("{FAE04EC0-301F-11D3-BF4B-00C04F79EFBC}") = "PingMonitor.Infrastructure", "PingMonitor.Infrastructure\PingMonitor.Infrastructure.csproj", "{D142976B-D392-4DB1-BAFD-FA1811569D5A}"
EndProject
Global
	GlobalSection(SolutionConfigurationPlatforms) = preSolution
		Debug|Any CPU = Debug|Any CPU
		Release|Any CPU = Release|Any CPU
	EndGlobalSection
	GlobalSection(SolutionProperties) = preSolution
		HideSolutionNode = FALSE
	EndGlobalSection
	GlobalSection(ProjectConfigurationPlatforms) = postSolution
		{1581783B-E59A-4CBE-86C7-D39A6C628A16}.Debug|Any CPU.ActiveCfg = Debug|Any CPU
		{1581783B-E59A-4CBE-86C7-D39A6C628A16}.Debug|Any CPU.Build.0 = Debug|Any CPU
		{1581783B-E59A-4CBE-86C7-D39A6C628A16}.Release|Any CPU.ActiveCfg = Release|Any CPU
		{1581783B-E59A-4CBE-86C7-D39A6C628A16}.Release|Any CPU.Build.0 = Release|Any CPU
		{8ADAFE05-C45F-421E-AAFB-117ED55D45CD}.Debug|Any CPU.ActiveCfg = Debug|Any CPU
		{8ADAFE05-C45F-421E-AAFB-117ED55D45CD}.Debug|Any CPU.Build.0 = Debug|Any CPU
		{8ADAFE05-C45F-421E-AAFB-117ED55D45CD}.Release|Any CPU.ActiveCfg = Release|Any CPU
		{8ADAFE05-C45F-421E-AAFB-117ED55D45CD}.Release|Any CPU.Build.0 = Release|Any CPU
		{D142976B-D392-4DB1-BAFD-FA1811569D5A}.Debug|Any CPU.ActiveCfg = Debug|Any CPU
		{D142976B-D392-4DB1-BAFD-FA1811569D5A}.Debug|Any CPU.Build.0 = Debug|Any CPU
		{D142976B-D392-4DB1-BAFD-FA1811569D5A}.Release|Any CPU.ActiveCfg = Release|Any CPU
		{D142976B-D392-4DB1-BAFD-FA1811569D5A}.Release|Any CPU.Build.0 = Release|Any CPU
	EndGlobalSection
EndGlobal
